
Microsoft Visual Studio Solution File, Format Version 12.00
Project("{FAE04EC0-301F-11D3-BF4B-00C04F79EFBC}") = "EFCoreModulo07", "EFCoreModulo07\EFCoreModulo07.csproj", "{FEC4C70D-91FA-45E8-8720-39C1C3CC50CE}"
EndProject
Project("{FAE04EC0-301F-11D3-BF4B-00C04F79EFBC}") = "EFCoreModulo08", "EFCoreModulo08\EFCoreModulo08.csproj", "{949A5B6A-6B3F-41AC-B140-3FD44996E1D2}"
EndProject
Project("{FAE04EC0-301F-11D3-BF4B-00C04F79EFBC}") = "EFCoreModulo09", "EFCoreModulo09\EFCoreModulo09.csproj", "{4B6907F9-F385-4B60-9743-72CADB570E8E}"
EndProject
Project("{FAE04EC0-301F-11D3-BF4B-00C04F79EFBC}") = "EFCoreModulo10", "EFCoreModulo10\EFCoreModulo10.csproj", "{0A97E8B9-8AE5-4227-BCD5-2288774BECAC}"
EndProject
Project("{FAE04EC0-301F-11D3-BF4B-00C04F79EFBC}") = "EFCoreModulo11", "EFCoreModulo11\EFCoreModulo11.csproj", "{F4B09982-C77C-4B0B-9993-95ED199C9323}"
EndProject
Project("{FAE04EC0-301F-11D3-BF4B-00C04F79EFBC}") = "EFCoreSetup", "EFCoreSetup\EFCoreSetup.csproj", "{BC8EA694-3B47-486D-B9E7-73B035762E9A}"
EndProject
Project("{FAE04EC0-301F-11D3-BF4B-00C04F79EFBC}") = "EFCoreModulo03", "EFCoreModulo03\EFCoreModulo03.csproj", "{C7F97745-9858-4B9F-8042-E2CB4AF1206D}"
EndProject
Project("{FAE04EC0-301F-11D3-BF4B-00C04F79EFBC}") = "EFCoreModulo04", "EFCoreModulo04\EFCoreModulo04.csproj", "{66858BF9-D0EA-4778-9B80-C758EC3D7859}"
EndProject
Project("{FAE04EC0-301F-11D3-BF4B-00C04F79EFBC}") = "EFCoreModulo05", "EFCoreModulo05\EFCoreModulo05.csproj", "{6DAD9C1A-79E9-41D2-8AF6-448003633427}"
EndProject
Project("{FAE04EC0-301F-11D3-BF4B-00C04F79EFBC}") = "EFCoreModulo06", "EFCoreModulo06\EFCoreModulo06.csproj", "{09574AA4-AE68-4DB3-A22E-9BC6812036E3}"
EndProject
Project("{FAE04EC0-301F-11D3-BF4B-00C04F79EFBC}") = "EFCoreModulo12", "EFCoreModulo12\EFCoreModulo12.csproj", "{2B00AB5A-3765-48B5-91BC-742FCCFE9154}"
EndProject
Project("{FAE04EC0-301F-11D3-BF4B-00C04F79EFBC}") = "EFCoreModulo13", "EFCoreModulo13\EFCoreModulo13.csproj", "{4E71C310-B3FC-4EA2-B19C-8BF9C932B0F5}"
EndProject
Project("{FAE04EC0-301F-11D3-BF4B-00C04F79EFBC}") = "EFCoreModulo14", "EFCoreModulo14\EFCoreModulo14.csproj", "{449BEA24-32B6-40EF-A9C9-D86B9400013F}"
EndProject
Project("{FAE04EC0-301F-11D3-BF4B-00C04F79EFBC}") = "EFCoreModulo15", "EFCoreModulo15\EFCoreModulo15.csproj", "{601594CB-56B9-4947-9D66-CD17D4D5461D}"
EndProject
Project("{FAE04EC0-301F-11D3-BF4B-00C04F79EFBC}") = "EFCoreModulo16", "EFCoreModulo16\EFCoreModulo16.csproj", "{C055FAF8-96F7-42D5-A4C2-2EC94B8759F8}"
EndProject
Project("{FAE04EC0-301F-11D3-BF4B-00C04F79EFBC}") = "EFCoreModulo17.Tabela", "EFCoreModulo17.Tabela\EFCoreModulo17.Tabela.csproj", "{16228762-0E11-4502-9C97-3E9DB42E1DD2}"
EndProject
Project("{FAE04EC0-301F-11D3-BF4B-00C04F79EFBC}") = "EFCoreModulo17.Schema", "EFCoreModulo17.Schema\EFCoreModulo17.Schema.csproj", "{C5CC58EB-8820-4900-9EC1-D6C947854C14}"
EndProject
Project("{FAE04EC0-301F-11D3-BF4B-00C04F79EFBC}") = "EFCoreModulo17.BancoDeDados", "EFCoreModulo17.BancoDeDados\EFCoreModulo17.BancoDeDados.csproj", "{99088952-A7ED-471B-8279-3BD5D06DD391}"
EndProject
Project("{FAE04EC0-301F-11D3-BF4B-00C04F79EFBC}") = "EFCoreModulo18", "EFCoreModulo18\EFCoreModulo18.csproj", "{5E4E559D-09B3-4CE3-8D8F-92779E13AB62}"
EndProject
Project("{FAE04EC0-301F-11D3-BF4B-00C04F79EFBC}") = "EFCoreModulo19", "EFCoreModulo19\EFCoreModulo19.csproj", "{6EB005B9-0208-4CEA-BFBA-B55BA8787198}"
EndProject
Project("{FAE04EC0-301F-11D3-BF4B-00C04F79EFBC}") = "EFCoreModulo20", "EFCoreModulo20\EFCoreModulo20.csproj", "{0F499172-66F3-4A96-B4AE-6DB6E5F0F7DD}"
EndProject
Project("{FAE04EC0-301F-11D3-BF4B-00C04F79EFBC}") = "EFCoreModulo21", "EFCoreModulo21\EFCoreModulo21.csproj", "{99343B71-A2A0-473A-BCA6-3B2BA98C5DEA}"
EndProject
Project("{FAE04EC0-301F-11D3-BF4B-00C04F79EFBC}") = "EFCoreModulo22", "EFCoreModulo22\EFCoreModulo22.csproj", "{1D1F0A45-78C5-421B-AB72-B6ADEF2B047F}"
EndProject
Global
	GlobalSection(SolutionConfigurationPlatforms) = preSolution
		Debug|Any CPU = Debug|Any CPU
		Release|Any CPU = Release|Any CPU
	EndGlobalSection
	GlobalSection(ProjectConfigurationPlatforms) = postSolution
		{FEC4C70D-91FA-45E8-8720-39C1C3CC50CE}.Debug|Any CPU.ActiveCfg = Debug|Any CPU
		{FEC4C70D-91FA-45E8-8720-39C1C3CC50CE}.Debug|Any CPU.Build.0 = Debug|Any CPU
		{FEC4C70D-91FA-45E8-8720-39C1C3CC50CE}.Release|Any CPU.ActiveCfg = Release|Any CPU
		{FEC4C70D-91FA-45E8-8720-39C1C3CC50CE}.Release|Any CPU.Build.0 = Release|Any CPU
		{949A5B6A-6B3F-41AC-B140-3FD44996E1D2}.Debug|Any CPU.ActiveCfg = Debug|Any CPU
		{949A5B6A-6B3F-41AC-B140-3FD44996E1D2}.Debug|Any CPU.Build.0 = Debug|Any CPU
		{949A5B6A-6B3F-41AC-B140-3FD44996E1D2}.Release|Any CPU.ActiveCfg = Release|Any CPU
		{949A5B6A-6B3F-41AC-B140-3FD44996E1D2}.Release|Any CPU.Build.0 = Release|Any CPU
		{4B6907F9-F385-4B60-9743-72CADB570E8E}.Debug|Any CPU.ActiveCfg = Debug|Any CPU
		{4B6907F9-F385-4B60-9743-72CADB570E8E}.Debug|Any CPU.Build.0 = Debug|Any CPU
		{4B6907F9-F385-4B60-9743-72CADB570E8E}.Release|Any CPU.ActiveCfg = Release|Any CPU
		{4B6907F9-F385-4B60-9743-72CADB570E8E}.Release|Any CPU.Build.0 = Release|Any CPU
		{0A97E8B9-8AE5-4227-BCD5-2288774BECAC}.Debug|Any CPU.ActiveCfg = Debug|Any CPU
		{0A97E8B9-8AE5-4227-BCD5-2288774BECAC}.Debug|Any CPU.Build.0 = Debug|Any CPU
		{0A97E8B9-8AE5-4227-BCD5-2288774BECAC}.Release|Any CPU.ActiveCfg = Release|Any CPU
		{0A97E8B9-8AE5-4227-BCD5-2288774BECAC}.Release|Any CPU.Build.0 = Release|Any CPU
		{F4B09982-C77C-4B0B-9993-95ED199C9323}.Debug|Any CPU.ActiveCfg = Debug|Any CPU
		{F4B09982-C77C-4B0B-9993-95ED199C9323}.Debug|Any CPU.Build.0 = Debug|Any CPU
		{F4B09982-C77C-4B0B-9993-95ED199C9323}.Release|Any CPU.ActiveCfg = Release|Any CPU
		{F4B09982-C77C-4B0B-9993-95ED199C9323}.Release|Any CPU.Build.0 = Release|Any CPU
		{BC8EA694-3B47-486D-B9E7-73B035762E9A}.Debug|Any CPU.ActiveCfg = Debug|Any CPU
		{BC8EA694-3B47-486D-B9E7-73B035762E9A}.Debug|Any CPU.Build.0 = Debug|Any CPU
		{BC8EA694-3B47-486D-B9E7-73B035762E9A}.Release|Any CPU.ActiveCfg = Release|Any CPU
		{BC8EA694-3B47-486D-B9E7-73B035762E9A}.Release|Any CPU.Build.0 = Release|Any CPU
		{C7F97745-9858-4B9F-8042-E2CB4AF1206D}.Debug|Any CPU.ActiveCfg = Debug|Any CPU
		{C7F97745-9858-4B9F-8042-E2CB4AF1206D}.Debug|Any CPU.Build.0 = Debug|Any CPU
		{C7F97745-9858-4B9F-8042-E2CB4AF1206D}.Release|Any CPU.ActiveCfg = Release|Any CPU
		{C7F97745-9858-4B9F-8042-E2CB4AF1206D}.Release|Any CPU.Build.0 = Release|Any CPU
		{66858BF9-D0EA-4778-9B80-C758EC3D7859}.Debug|Any CPU.ActiveCfg = Debug|Any CPU
		{66858BF9-D0EA-4778-9B80-C758EC3D7859}.Debug|Any CPU.Build.0 = Debug|Any CPU
		{66858BF9-D0EA-4778-9B80-C758EC3D7859}.Release|Any CPU.ActiveCfg = Release|Any CPU
		{66858BF9-D0EA-4778-9B80-C758EC3D7859}.Release|Any CPU.Build.0 = Release|Any CPU
		{6DAD9C1A-79E9-41D2-8AF6-448003633427}.Debug|Any CPU.ActiveCfg = Debug|Any CPU
		{6DAD9C1A-79E9-41D2-8AF6-448003633427}.Debug|Any CPU.Build.0 = Debug|Any CPU
		{6DAD9C1A-79E9-41D2-8AF6-448003633427}.Release|Any CPU.ActiveCfg = Release|Any CPU
		{6DAD9C1A-79E9-41D2-8AF6-448003633427}.Release|Any CPU.Build.0 = Release|Any CPU
		{09574AA4-AE68-4DB3-A22E-9BC6812036E3}.Debug|Any CPU.ActiveCfg = Debug|Any CPU
		{09574AA4-AE68-4DB3-A22E-9BC6812036E3}.Debug|Any CPU.Build.0 = Debug|Any CPU
		{09574AA4-AE68-4DB3-A22E-9BC6812036E3}.Release|Any CPU.ActiveCfg = Release|Any CPU
		{09574AA4-AE68-4DB3-A22E-9BC6812036E3}.Release|Any CPU.Build.0 = Release|Any CPU
		{2B00AB5A-3765-48B5-91BC-742FCCFE9154}.Debug|Any CPU.ActiveCfg = Debug|Any CPU
		{2B00AB5A-3765-48B5-91BC-742FCCFE9154}.Debug|Any CPU.Build.0 = Debug|Any CPU
		{2B00AB5A-3765-48B5-91BC-742FCCFE9154}.Release|Any CPU.ActiveCfg = Release|Any CPU
		{2B00AB5A-3765-48B5-91BC-742FCCFE9154}.Release|Any CPU.Build.0 = Release|Any CPU
		{4E71C310-B3FC-4EA2-B19C-8BF9C932B0F5}.Debug|Any CPU.ActiveCfg = Debug|Any CPU
		{4E71C310-B3FC-4EA2-B19C-8BF9C932B0F5}.Debug|Any CPU.Build.0 = Debug|Any CPU
		{4E71C310-B3FC-4EA2-B19C-8BF9C932B0F5}.Release|Any CPU.ActiveCfg = Release|Any CPU
		{4E71C310-B3FC-4EA2-B19C-8BF9C932B0F5}.Release|Any CPU.Build.0 = Release|Any CPU
		{449BEA24-32B6-40EF-A9C9-D86B9400013F}.Debug|Any CPU.ActiveCfg = Debug|Any CPU
		{449BEA24-32B6-40EF-A9C9-D86B9400013F}.Debug|Any CPU.Build.0 = Debug|Any CPU
		{449BEA24-32B6-40EF-A9C9-D86B9400013F}.Release|Any CPU.ActiveCfg = Release|Any CPU
		{449BEA24-32B6-40EF-A9C9-D86B9400013F}.Release|Any CPU.Build.0 = Release|Any CPU
		{601594CB-56B9-4947-9D66-CD17D4D5461D}.Debug|Any CPU.ActiveCfg = Debug|Any CPU
		{601594CB-56B9-4947-9D66-CD17D4D5461D}.Debug|Any CPU.Build.0 = Debug|Any CPU
		{601594CB-56B9-4947-9D66-CD17D4D5461D}.Release|Any CPU.ActiveCfg = Release|Any CPU
		{601594CB-56B9-4947-9D66-CD17D4D5461D}.Release|Any CPU.Build.0 = Release|Any CPU
		{C055FAF8-96F7-42D5-A4C2-2EC94B8759F8}.Debug|Any CPU.ActiveCfg = Debug|Any CPU
		{C055FAF8-96F7-42D5-A4C2-2EC94B8759F8}.Debug|Any CPU.Build.0 = Debug|Any CPU
		{C055FAF8-96F7-42D5-A4C2-2EC94B8759F8}.Release|Any CPU.ActiveCfg = Release|Any CPU
		{C055FAF8-96F7-42D5-A4C2-2EC94B8759F8}.Release|Any CPU.Build.0 = Release|Any CPU
		{16228762-0E11-4502-9C97-3E9DB42E1DD2}.Debug|Any CPU.ActiveCfg = Debug|Any CPU
		{16228762-0E11-4502-9C97-3E9DB42E1DD2}.Debug|Any CPU.Build.0 = Debug|Any CPU
		{16228762-0E11-4502-9C97-3E9DB42E1DD2}.Release|Any CPU.ActiveCfg = Release|Any CPU
		{16228762-0E11-4502-9C97-3E9DB42E1DD2}.Release|Any CPU.Build.0 = Release|Any CPU
		{C5CC58EB-8820-4900-9EC1-D6C947854C14}.Debug|Any CPU.ActiveCfg = Debug|Any CPU
		{C5CC58EB-8820-4900-9EC1-D6C947854C14}.Debug|Any CPU.Build.0 = Debug|Any CPU
		{C5CC58EB-8820-4900-9EC1-D6C947854C14}.Release|Any CPU.ActiveCfg = Release|Any CPU
		{C5CC58EB-8820-4900-9EC1-D6C947854C14}.Release|Any CPU.Build.0 = Release|Any CPU
		{99088952-A7ED-471B-8279-3BD5D06DD391}.Debug|Any CPU.ActiveCfg = Debug|Any CPU
		{99088952-A7ED-471B-8279-3BD5D06DD391}.Debug|Any CPU.Build.0 = Debug|Any CPU
		{99088952-A7ED-471B-8279-3BD5D06DD391}.Release|Any CPU.ActiveCfg = Release|Any CPU
		{99088952-A7ED-471B-8279-3BD5D06DD391}.Release|Any CPU.Build.0 = Release|Any CPU
		{5E4E559D-09B3-4CE3-8D8F-92779E13AB62}.Debug|Any CPU.ActiveCfg = Debug|Any CPU
		{5E4E559D-09B3-4CE3-8D8F-92779E13AB62}.Debug|Any CPU.Build.0 = Debug|Any CPU
		{5E4E559D-09B3-4CE3-8D8F-92779E13AB62}.Release|Any CPU.ActiveCfg = Release|Any CPU
		{5E4E559D-09B3-4CE3-8D8F-92779E13AB62}.Release|Any CPU.Build.0 = Release|Any CPU
		{6EB005B9-0208-4CEA-BFBA-B55BA8787198}.Debug|Any CPU.ActiveCfg = Debug|Any CPU
		{6EB005B9-0208-4CEA-BFBA-B55BA8787198}.Debug|Any CPU.Build.0 = Debug|Any CPU
		{6EB005B9-0208-4CEA-BFBA-B55BA8787198}.Release|Any CPU.ActiveCfg = Release|Any CPU
		{6EB005B9-0208-4CEA-BFBA-B55BA8787198}.Release|Any CPU.Build.0 = Release|Any CPU
		{0F499172-66F3-4A96-B4AE-6DB6E5F0F7DD}.Debug|Any CPU.ActiveCfg = Debug|Any CPU
		{0F499172-66F3-4A96-B4AE-6DB6E5F0F7DD}.Debug|Any CPU.Build.0 = Debug|Any CPU
		{0F499172-66F3-4A96-B4AE-6DB6E5F0F7DD}.Release|Any CPU.ActiveCfg = Release|Any CPU
		{0F499172-66F3-4A96-B4AE-6DB6E5F0F7DD}.Release|Any CPU.Build.0 = Release|Any CPU
		{99343B71-A2A0-473A-BCA6-3B2BA98C5DEA}.Debug|Any CPU.ActiveCfg = Debug|Any CPU
		{99343B71-A2A0-473A-BCA6-3B2BA98C5DEA}.Debug|Any CPU.Build.0 = Debug|Any CPU
		{99343B71-A2A0-473A-BCA6-3B2BA98C5DEA}.Release|Any CPU.ActiveCfg = Release|Any CPU
		{99343B71-A2A0-473A-BCA6-3B2BA98C5DEA}.Release|Any CPU.Build.0 = Release|Any CPU
		{1D1F0A45-78C5-421B-AB72-B6ADEF2B047F}.Debug|Any CPU.ActiveCfg = Debug|Any CPU
		{1D1F0A45-78C5-421B-AB72-B6ADEF2B047F}.Debug|Any CPU.Build.0 = Debug|Any CPU
		{1D1F0A45-78C5-421B-AB72-B6ADEF2B047F}.Release|Any CPU.ActiveCfg = Release|Any CPU
		{1D1F0A45-78C5-421B-AB72-B6ADEF2B047F}.Release|Any CPU.Build.0 = Release|Any CPU
	EndGlobalSection
EndGlobal
